// !$*UTF8*$!
{
	archiveVersion = 1;
	classes = {
	};
	objectVersion = 50;
	objects = {

/* Begin PBXBuildFile section */
		FAAF450C26983CF800045752 /* AppDelegate.swift in Sources */ = {isa = PBXBuildFile; fileRef = FAAF450B26983CF800045752 /* AppDelegate.swift */; };
		FAAF450E26983CF800045752 /* SceneDelegate.swift in Sources */ = {isa = PBXBuildFile; fileRef = FAAF450D26983CF800045752 /* SceneDelegate.swift */; };
		FAAF451026983CF800045752 /* ViewController.swift in Sources */ = {isa = PBXBuildFile; fileRef = FAAF450F26983CF800045752 /* ViewController.swift */; };
		FAAF451326983CF800045752 /* Main.storyboard in Resources */ = {isa = PBXBuildFile; fileRef = FAAF451126983CF800045752 /* Main.storyboard */; };
		FAAF451526983CFA00045752 /* Assets.xcassets in Resources */ = {isa = PBXBuildFile; fileRef = FAAF451426983CFA00045752 /* Assets.xcassets */; };
		FAAF451826983CFA00045752 /* LaunchScreen.storyboard in Resources */ = {isa = PBXBuildFile; fileRef = FAAF451626983CFA00045752 /* LaunchScreen.storyboard */; };
		FAAF4526269849E800045752 /* Clock.swift in Sources */ = {isa = PBXBuildFile; fileRef = FAAF4525269849E800045752 /* Clock.swift */; };
/* End PBXBuildFile section */

/* Begin PBXFileReference section */
		FAAF450826983CF800045752 /* ClockAnimation.app */ = {isa = PBXFileReference; explicitFileType = wrapper.application; includeInIndex = 0; path = ClockAnimation.app; sourceTree = BUILT_PRODUCTS_DIR; };
		FAAF450B26983CF800045752 /* AppDelegate.swift */ = {isa = PBXFileReference; lastKnownFileType = sourcecode.swift; path = AppDelegate.swift; sourceTree = "<group>"; };
		FAAF450D26983CF800045752 /* SceneDelegate.swift */ = {isa = PBXFileReference; lastKnownFileType = sourcecode.swift; path = SceneDelegate.swift; sourceTree = "<group>"; };
		FAAF450F26983CF800045752 /* ViewController.swift */ = {isa = PBXFileReference; lastKnownFileType = sourcecode.swift; path = ViewController.swift; sourceTree = "<group>"; };
		FAAF451226983CF800045752 /* Base */ = {isa = PBXFileReference; lastKnownFileType = file.storyboard; name = Base; path = Base.lproj/Main.storyboard; sourceTree = "<group>"; };
		FAAF451426983CFA00045752 /* Assets.xcassets */ = {isa = PBXFileReference; lastKnownFileType = folder.assetcatalog; path = Assets.xcassets; sourceTree = "<group>"; };
		FAAF451726983CFA00045752 /* Base */ = {isa = PBXFileReference; lastKnownFileType = file.storyboard; name = Base; path = Base.lproj/LaunchScreen.storyboard; sourceTree = "<group>"; };
		FAAF451926983CFA00045752 /* Info.plist */ = {isa = PBXFileReference; lastKnownFileType = text.plist.xml; path = Info.plist; sourceTree = "<group>"; };
		FAAF4525269849E800045752 /* Clock.swift */ = {isa = PBXFileReference; lastKnownFileType = sourcecode.swift; path = Clock.swift; sourceTree = "<group>"; };
/* End PBXFileReference section */

/* Begin PBXFrameworksBuildPhase section */
		FAAF450526983CF800045752 /* Frameworks */ = {
			isa = PBXFrameworksBuildPhase;
			buildActionMask = 2147483647;
			files = (
			);
			runOnlyForDeploymentPostprocessing = 0;
		};
/* End PBXFrameworksBuildPhase section */

/* Begin PBXGroup section */
		FAAF44FF26983CF800045752 = {
			isa = PBXGroup;
			children = (
				FAAF450A26983CF800045752 /* ClockAnimation */,
				FAAF450926983CF800045752 /* Products */,
			);
			sourceTree = "<group>";
		};
		FAAF450926983CF800045752 /* Products */ = {
			isa = PBXGroup;
			children = (
				FAAF450826983CF800045752 /* ClockAnimation.app */,
			);
			name = Products;
			sourceTree = "<group>";
		};
		FAAF450A26983CF800045752 /* ClockAnimation */ = {
			isa = PBXGroup;
			children = (
				FAAF451F26983D2C00045752 /* App */,
				FAAF452226983D5400045752 /* Presentation */,
				FAAF452326983D5E00045752 /* Resources */,
				FAAF452426983D7600045752 /* SupportingFiles */,
			);
			path = ClockAnimation;
			sourceTree = "<group>";
		};
		FAAF451F26983D2C00045752 /* App */ = {
			isa = PBXGroup;
			children = (
				FAAF450B26983CF800045752 /* AppDelegate.swift */,
				FAAF450D26983CF800045752 /* SceneDelegate.swift */,
			);
			path = App;
			sourceTree = "<group>";
		};
		FAAF452026983D4700045752 /* View */ = {
			isa = PBXGroup;
			children = (
				FAAF4525269849E800045752 /* Clock.swift */,
				FAAF450F26983CF800045752 /* ViewController.swift */,
				FAAF451126983CF800045752 /* Main.storyboard */,
			);
			path = View;
			sourceTree = "<group>";
		};
		FAAF452126983D4E00045752 /* Scenes */ = {
			isa = PBXGroup;
			children = (
				FAAF452026983D4700045752 /* View */,
			);
			path = Scenes;
			sourceTree = "<group>";
		};
		FAAF452226983D5400045752 /* Presentation */ = {
			isa = PBXGroup;
			children = (
				FAAF452126983D4E00045752 /* Scenes */,
			);
			path = Presentation;
			sourceTree = "<group>";
		};
		FAAF452326983D5E00045752 /* Resources */ = {
			isa = PBXGroup;
			children = (
				FAAF451426983CFA00045752 /* Assets.xcassets */,
			);
			path = Resources;
			sourceTree = "<group>";
		};
		FAAF452426983D7600045752 /* SupportingFiles */ = {
			isa = PBXGroup;
			children = (
				FAAF451626983CFA00045752 /* LaunchScreen.storyboard */,
				FAAF451926983CFA00045752 /* Info.plist */,
			);
			path = SupportingFiles;
			sourceTree = "<group>";
		};
/* End PBXGroup section */

/* Begin PBXNativeTarget section */
		FAAF450726983CF800045752 /* ClockAnimation */ = {
			isa = PBXNativeTarget;
			buildConfigurationList = FAAF451C26983CFA00045752 /* Build configuration list for PBXNativeTarget "ClockAnimation" */;
			buildPhases = (
				FAAF450426983CF800045752 /* Sources */,
				FAAF450526983CF800045752 /* Frameworks */,
				FAAF450626983CF800045752 /* Resources */,
			);
			buildRules = (
			);
			dependencies = (
			);
			name = ClockAnimation;
			productName = ClockAnimation;
			productReference = FAAF450826983CF800045752 /* ClockAnimation.app */;
			productType = "com.apple.product-type.application";
		};
/* End PBXNativeTarget section */

/* Begin PBXProject section */
		FAAF450026983CF800045752 /* Project object */ = {
			isa = PBXProject;
			attributes = {
				LastSwiftUpdateCheck = 1250;
				LastUpgradeCheck = 1250;
				TargetAttributes = {
					FAAF450726983CF800045752 = {
						CreatedOnToolsVersion = 12.5.1;
					};
				};
			};
			buildConfigurationList = FAAF450326983CF800045752 /* Build configuration list for PBXProject "ClockAnimation" */;
			compatibilityVersion = "Xcode 9.3";
			developmentRegion = en;
			hasScannedForEncodings = 0;
			knownRegions = (
				en,
				Base,
			);
			mainGroup = FAAF44FF26983CF800045752;
			productRefGroup = FAAF450926983CF800045752 /* Products */;
			projectDirPath = "";
			projectRoot = "";
			targets = (
				FAAF450726983CF800045752 /* ClockAnimation */,
			);
		};
/* End PBXProject section */

/* Begin PBXResourcesBuildPhase section */
		FAAF450626983CF800045752 /* Resources */ = {
			isa = PBXResourcesBuildPhase;
			buildActionMask = 2147483647;
			files = (
				FAAF451826983CFA00045752 /* LaunchScreen.storyboard in Resources */,
				FAAF451526983CFA00045752 /* Assets.xcassets in Resources */,
				FAAF451326983CF800045752 /* Main.storyboard in Resources */,
			);
			runOnlyForDeploymentPostprocessing = 0;
		};
/* End PBXResourcesBuildPhase section */

/* Begin PBXSourcesBuildPhase section */
		FAAF450426983CF800045752 /* Sources */ = {
			isa = PBXSourcesBuildPhase;
			buildActionMask = 2147483647;
			files = (
				FAAF451026983CF800045752 /* ViewController.swift in Sources */,
				FAAF4526269849E800045752 /* Clock.swift in Sources */,
				FAAF450C26983CF800045752 /* AppDelegate.swift in Sources */,
				FAAF450E26983CF800045752 /* SceneDelegate.swift in Sources */,
			);
			runOnlyForDeploymentPostprocessing = 0;
		};
/* End PBXSourcesBuildPhase section */

/* Begin PBXVariantGroup section */
		FAAF451126983CF800045752 /* Main.storyboard */ = {
			isa = PBXVariantGroup;
			children = (
				FAAF451226983CF800045752 /* Base */,
			);
			name = Main.storyboard;
			sourceTree = "<group>";
		};
		FAAF451626983CFA00045752 /* LaunchScreen.storyboard */ = {
			isa = PBXVariantGroup;
			children = (
				FAAF451726983CFA00045752 /* Base */,
			);
			name = LaunchScreen.storyboard;
			sourceTree = "<group>";
		};
/* End PBXVariantGroup section */

/* Begin XCBuildConfiguration section */
		FAAF451A26983CFA00045752 /* Debug */ = {
			isa = XCBuildConfiguration;
			buildSettings = {
				ALWAYS_SEARCH_USER_PATHS = NO;
				CLANG_ANALYZER_NONNULL = YES;
				CLANG_ANALYZER_NUMBER_OBJECT_CONVERSION = YES_AGGRESSIVE;
				CLANG_CXX_LANGUAGE_STANDARD = "gnu++14";
				CLANG_CXX_LIBRARY = "libc++";
				CLANG_ENABLE_MODULES = YES;
				CLANG_ENABLE_OBJC_ARC = YES;
				CLANG_ENABLE_OBJC_WEAK = YES;
				CLANG_WARN_BLOCK_CAPTURE_AUTORELEASING = YES;
				CLANG_WARN_BOOL_CONVERSION = YES;
				CLANG_WARN_COMMA = YES;
				CLANG_WARN_CONSTANT_CONVERSION = YES;
				CLANG_WARN_DEPRECATED_OBJC_IMPLEMENTATIONS = YES;
				CLANG_WARN_DIRECT_OBJC_ISA_USAGE = YES_ERROR;
				CLANG_WARN_DOCUMENTATION_COMMENTS = YES;
				CLANG_WARN_EMPTY_BODY = YES;
				CLANG_WARN_ENUM_CONVERSION = YES;
				CLANG_WARN_INFINITE_RECURSION = YES;
				CLANG_WARN_INT_CONVERSION = YES;
				CLANG_WARN_NON_LITERAL_NULL_CONVERSION = YES;
				CLANG_WARN_OBJC_IMPLICIT_RETAIN_SELF = YES;
				CLANG_WARN_OBJC_LITERAL_CONVERSION = YES;
				CLANG_WARN_OBJC_ROOT_CLASS = YES_ERROR;
				CLANG_WARN_QUOTED_INCLUDE_IN_FRAMEWORK_HEADER = YES;
				CLANG_WARN_RANGE_LOOP_ANALYSIS = YES;
				CLANG_WARN_STRICT_PROTOTYPES = YES;
				CLANG_WARN_SUSPICIOUS_MOVE = YES;
				CLANG_WARN_UNGUARDED_AVAILABILITY = YES_AGGRESSIVE;
				CLANG_WARN_UNREACHABLE_CODE = YES;
				CLANG_WARN__DUPLICATE_METHOD_MATCH = YES;
				COPY_PHASE_STRIP = NO;
				DEBUG_INFORMATION_FORMAT = dwarf;
				ENABLE_STRICT_OBJC_MSGSEND = YES;
				ENABLE_TESTABILITY = YES;
				GCC_C_LANGUAGE_STANDARD = gnu11;
				GCC_DYNAMIC_NO_PIC = NO;
				GCC_NO_COMMON_BLOCKS = YES;
				GCC_OPTIMIZATION_LEVEL = 0;
				GCC_PREPROCESSOR_DEFINITIONS = (
					"DEBUG=1",
					"$(inherited)",
				);
				GCC_WARN_64_TO_32_BIT_CONVERSION = YES;
				GCC_WARN_ABOUT_RETURN_TYPE = YES_ERROR;
				GCC_WARN_UNDECLARED_SELECTOR = YES;
				GCC_WARN_UNINITIALIZED_AUTOS = YES_AGGRESSIVE;
				GCC_WARN_UNUSED_FUNCTION = YES;
				GCC_WARN_UNUSED_VARIABLE = YES;
				IPHONEOS_DEPLOYMENT_TARGET = 14.5;
				MTL_ENABLE_DEBUG_INFO = INCLUDE_SOURCE;
				MTL_FAST_MATH = YES;
				ONLY_ACTIVE_ARCH = YES;
				SDKROOT = iphoneos;
				SWIFT_ACTIVE_COMPILATION_CONDITIONS = DEBUG;
				SWIFT_OPTIMIZATION_LEVEL = "-Onone";
			};
			name = Debug;
		};
		FAAF451B26983CFA00045752 /* Release */ = {
			isa = XCBuildConfiguration;
			buildSettings = {
				ALWAYS_SEARCH_USER_PATHS = NO;
				CLANG_ANALYZER_NONNULL = YES;
				CLANG_ANALYZER_NUMBER_OBJECT_CONVERSION = YES_AGGRESSIVE;
				CLANG_CXX_LANGUAGE_STANDARD = "gnu++14";
				CLANG_CXX_LIBRARY = "libc++";
				CLANG_ENABLE_MODULES = YES;
				CLANG_ENABLE_OBJC_ARC = YES;
				CLANG_ENABLE_OBJC_WEAK = YES;
				CLANG_WARN_BLOCK_CAPTURE_AUTORELEASING = YES;
				CLANG_WARN_BOOL_CONVERSION = YES;
				CLANG_WARN_COMMA = YES;
				CLANG_WARN_CONSTANT_CONVERSION = YES;
				CLANG_WARN_DEPRECATED_OBJC_IMPLEMENTATIONS = YES;
				CLANG_WARN_DIRECT_OBJC_ISA_USAGE = YES_ERROR;
				CLANG_WARN_DOCUMENTATION_COMMENTS = YES;
				CLANG_WARN_EMPTY_BODY = YES;
				CLANG_WARN_ENUM_CONVERSION = YES;
				CLANG_WARN_INFINITE_RECURSION = YES;
				CLANG_WARN_INT_CONVERSION = YES;
				CLANG_WARN_NON_LITERAL_NULL_CONVERSION = YES;
				CLANG_WARN_OBJC_IMPLICIT_RETAIN_SELF = YES;
				CLANG_WARN_OBJC_LITERAL_CONVERSION = YES;
				CLANG_WARN_OBJC_ROOT_CLASS = YES_ERROR;
				CLANG_WARN_QUOTED_INCLUDE_IN_FRAMEWORK_HEADER = YES;
				CLANG_WARN_RANGE_LOOP_ANALYSIS = YES;
				CLANG_WARN_STRICT_PROTOTYPES = YES;
				CLANG_WARN_SUSPICIOUS_MOVE = YES;
				CLANG_WARN_UNGUARDED_AVAILABILITY = YES_AGGRESSIVE;
				CLANG_WARN_UNREACHABLE_CODE = YES;
				CLANG_WARN__DUPLICATE_METHOD_MATCH = YES;
				COPY_PHASE_STRIP = NO;
				DEBUG_INFORMATION_FORMAT = "dwarf-with-dsym";
				ENABLE_NS_ASSERTIONS = NO;
				ENABLE_STRICT_OBJC_MSGSEND = YES;
				GCC_C_LANGUAGE_STANDARD = gnu11;
				GCC_NO_COMMON_BLOCKS = YES;
				GCC_WARN_64_TO_32_BIT_CONVERSION = YES;
				GCC_WARN_ABOUT_RETURN_TYPE = YES_ERROR;
				GCC_WARN_UNDECLARED_SELECTOR = YES;
				GCC_WARN_UNINITIALIZED_AUTOS = YES_AGGRESSIVE;
				GCC_WARN_UNUSED_FUNCTION = YES;
				GCC_WARN_UNUSED_VARIABLE = YES;
				IPHONEOS_DEPLOYMENT_TARGET = 14.5;
				MTL_ENABLE_DEBUG_INFO = NO;
				MTL_FAST_MATH = YES;
				SDKROOT = iphoneos;
				SWIFT_COMPILATION_MODE = wholemodule;
				SWIFT_OPTIMIZATION_LEVEL = "-O";
				VALIDATE_PRODUCT = YES;
			};
			name = Release;
		};
		FAAF451D26983CFA00045752 /* Debug */ = {
			isa = XCBuildConfiguration;
			buildSettings = {
				ASSETCATALOG_COMPILER_APPICON_NAME = AppIcon;
				ASSETCATALOG_COMPILER_GLOBAL_ACCENT_COLOR_NAME = AccentColor;
				CODE_SIGN_STYLE = Automatic;
				INFOPLIST_FILE = ClockAnimation/SupportingFiles/Info.plist;
				LD_RUNPATH_SEARCH_PATHS = (
					"$(inherited)",
					"@executable_path/Frameworks",
				);
				PRODUCT_BUNDLE_IDENTIFIER = eka.altunashvili.ClockAnimation;
				PRODUCT_NAME = "$(TARGET_NAME)";
				SWIFT_VERSION = 5.0;
				TARGETED_DEVICE_FAMILY = "1,2";
			};
			name = Debug;
		};
		FAAF451E26983CFA00045752 /* Release */ = {
			isa = XCBuildConfiguration;
			buildSettings = {
				ASSETCATALOG_COMPILER_APPICON_NAME = AppIcon;
				ASSETCATALOG_COMPILER_GLOBAL_ACCENT_COLOR_NAME = AccentColor;
				CODE_SIGN_STYLE = Automatic;
				INFOPLIST_FILE = ClockAnimation/SupportingFiles/Info.plist;
				LD_RUNPATH_SEARCH_PATHS = (
					"$(inherited)",
					"@executable_path/Frameworks",
				);
				PRODUCT_BUNDLE_IDENTIFIER = eka.altunashvili.ClockAnimation;
				PRODUCT_NAME = "$(TARGET_NAME)";
				SWIFT_VERSION = 5.0;
				TARGETED_DEVICE_FAMILY = "1,2";
			};
			name = Release;
		};
/* End XCBuildConfiguration section */

/* Begin XCConfigurationList section */
		FAAF450326983CF800045752 /* Build configuration list for PBXProject "ClockAnimation" */ = {
			isa = XCConfigurationList;
			buildConfigurations = (
				FAAF451A26983CFA00045752 /* Debug */,
				FAAF451B26983CFA00045752 /* Release */,
			);
			defaultConfigurationIsVisible = 0;
			defaultConfigurationName = Release;
		};
		FAAF451C26983CFA00045752 /* Build configuration list for PBXNativeTarget "ClockAnimation" */ = {
			isa = XCConfigurationList;
			buildConfigurations = (
				FAAF451D26983CFA00045752 /* Debug */,
				FAAF451E26983CFA00045752 /* Release */,
			);
			defaultConfigurationIsVisible = 0;
			defaultConfigurationName = Release;
		};
/* End XCConfigurationList section */
	};
	rootObject = FAAF450026983CF800045752 /* Project object */;
}
